dependencies:
  ws: 7.3.1
lockfileVersion: 5.1
packages:
  /ws/7.3.1:
    dev: false
    engines:
      node: '>=8.3.0'
    peerDependencies:
      bufferutil: ^4.0.1
      utf-8-validate: ^5.0.2
    peerDependenciesMeta:
      bufferutil:
        optional: true
      utf-8-validate:
        optional: true
    resolution:
      integrity: sha512-D3RuNkynyHmEJIpD2qrgVkc9DQ23OrN/moAwZX4L8DfvszsJxpjQuUq3LMx6HoYji9fbIOBY18XWBsAux1ZZUA==
specifiers:
  ws: ^7.3.1
